
Microsoft Visual Studio Solution File, Format Version 12.00
# Visual Studio 2013
VisualStudioVersion = 12.0.30723.0
MinimumVisualStudioVersion = 10.0.40219.1
Project("{8BC9CEB8-8B4A-11D0-8D11-00A0C91BC942}") = "MarshalFxTests", "MarshalFxTests\MarshalFxTests.vcxproj", "{9757CB21-B840-49A6-B057-9F322E543DD6}"
EndProject
Project("{8BC9CEB8-8B4A-11D0-8D11-00A0C91BC942}") = "MarshalFx", "MarshalFx\MarshalFx.vcxproj", "{C82C2960-89DB-458D-9C34-17687AA0CB7F}"
EndProject
Project("{2150E333-8FDC-42A3-9474-1A3956D46DE8}") = "Solution Items", "Solution Items", "{9C817CBF-B018-4288-AADF-78B26D2E50A6}"
	ProjectSection(SolutionItems) = preProject
		README.md = README.md
	EndProjectSection
EndProject
Global
	GlobalSection(SolutionConfigurationPlatforms) = preSolution
		Debug|Any CPU = Debug|Any CPU
		Debug|Mixed Platforms = Debug|Mixed Platforms
		Debug|Win32 = Debug|Win32
		Release|Any CPU = Release|Any CPU
		Release|Mixed Platforms = Release|Mixed Platforms
		Release|Win32 = Release|Win32
	EndGlobalSection
	GlobalSection(ProjectConfigurationPlatforms) = postSolution
		{9757CB21-B840-49A6-B057-9F322E543DD6}.Debug|Any CPU.ActiveCfg = Debug|Win32
		{9757CB21-B840-49A6-B057-9F322E543DD6}.Debug|Mixed Platforms.ActiveCfg = Debug|Win32
		{9757CB21-B840-49A6-B057-9F322E543DD6}.Debug|Mixed Platforms.Build.0 = Debug|Win32
		{9757CB21-B840-49A6-B057-9F322E543DD6}.Debug|Win32.ActiveCfg = Debug|Win32
		{9757CB21-B840-49A6-B057-9F322E543DD6}.Debug|Win32.Build.0 = Debug|Win32
		{9757CB21-B840-49A6-B057-9F322E543DD6}.Release|Any CPU.ActiveCfg = Release|Win32
		{9757CB21-B840-49A6-B057-9F322E543DD6}.Release|Mixed Platforms.ActiveCfg = Release|Win32
		{9757CB21-B840-49A6-B057-9F322E543DD6}.Release|Mixed Platforms.Build.0 = Release|Win32
		{9757CB21-B840-49A6-B057-9F322E543DD6}.Release|Win32.ActiveCfg = Release|Win32
		{9757CB21-B840-49A6-B057-9F322E543DD6}.Release|Win32.Build.0 = Release|Win32
		{C82C2960-89DB-458D-9C34-17687AA0CB7F}.Debug|Any CPU.ActiveCfg = Debug|Win32
		{C82C2960-89DB-458D-9C34-17687AA0CB7F}.Debug|Mixed Platforms.ActiveCfg = Debug|Win32
		{C82C2960-89DB-458D-9C34-17687AA0CB7F}.Debug|Mixed Platforms.Build.0 = Debug|Win32
		{C82C2960-89DB-458D-9C34-17687AA0CB7F}.Debug|Win32.ActiveCfg = Debug|Win32
		{C82C2960-89DB-458D-9C34-17687AA0CB7F}.Debug|Win32.Build.0 = Debug|Win32
		{C82C2960-89DB-458D-9C34-17687AA0CB7F}.Release|Any CPU.ActiveCfg = Release|Win32
		{C82C2960-89DB-458D-9C34-17687AA0CB7F}.Release|Mixed Platforms.ActiveCfg = Release|Win32
		{C82C2960-89DB-458D-9C34-17687AA0CB7F}.Release|Mixed Platforms.Build.0 = Release|Win32
		{C82C2960-89DB-458D-9C34-17687AA0CB7F}.Release|Win32.ActiveCfg = Release|Win32
		{C82C2960-89DB-458D-9C34-17687AA0CB7F}.Release|Win32.Build.0 = Release|Win32
	EndGlobalSection
	GlobalSection(SolutionProperties) = preSolution
		HideSolutionNode = FALSE
	EndGlobalSection
EndGlobal
